
Microsoft Visual Studio Solution File, Format Version 12.00
# Visual Studio 15
VisualStudioVersion = 15.0.28307.902
MinimumVisualStudioVersion = 10.0.40219.1
Project("{FAE04EC0-301F-11D3-BF4B-00C04F79EFBC}") = "StationFinder", "StationFinder\StationFinder.csproj", "{7B3AD177-7DAA-43E3-9441-8419A285E12C}"
EndProject
Project("{FAE04EC0-301F-11D3-BF4B-00C04F79EFBC}") = "MyLib", "..\ConsoleApp3\MyLib\MyLib.csproj", "{01556BA7-E63F-4897-8B52-349B0AB71F82}"
EndProject
Global
	GlobalSection(SolutionConfigurationPlatforms) = preSolution
		Debug|Any CPU = Debug|Any CPU
		Release|Any CPU = Release|Any CPU
	EndGlobalSection
	GlobalSection(ProjectConfigurationPlatforms) = postSolution
		{7B3AD177-7DAA-43E3-9441-8419A285E12C}.Debug|Any CPU.ActiveCfg = Debug|Any CPU
		{7B3AD177-7DAA-43E3-9441-8419A285E12C}.Debug|Any CPU.Build.0 = Debug|Any CPU
		{7B3AD177-7DAA-43E3-9441-8419A285E12C}.Release|Any CPU.ActiveCfg = Release|Any CPU
		{7B3AD177-7DAA-43E3-9441-8419A285E12C}.Release|Any CPU.Build.0 = Release|Any CPU
		{01556BA7-E63F-4897-8B52-349B0AB71F82}.Debug|Any CPU.ActiveCfg = Debug|Any CPU
		{01556BA7-E63F-4897-8B52-349B0AB71F82}.Debug|Any CPU.Build.0 = Debug|Any CPU
		{01556BA7-E63F-4897-8B52-349B0AB71F82}.Release|Any CPU.ActiveCfg = Release|Any CPU
		{01556BA7-E63F-4897-8B52-349B0AB71F82}.Release|Any CPU.Build.0 = Release|Any CPU
	EndGlobalSection
	GlobalSection(SolutionProperties) = preSolution
		HideSolutionNode = FALSE
	EndGlobalSection
	GlobalSection(ExtensibilityGlobals) = postSolution
		SolutionGuid = {90ED5627-3BD2-4CB1-A6F1-DEA9595729DF}
	EndGlobalSection
EndGlobal
